// !$*UTF8*$!
{
	archiveVersion = 1;
	classes = {
	};
	objectVersion = 77;
	objects = {

/* Begin PBXBuildFile section */
		5619E5852F2F020000EC7255 /* Core in Frameworks */ = {isa = PBXBuildFile; productRef = 5619E5812F2F020000EC7255 /* Core */; };
		5619E5862F2F020000EC7255 /* UI in Frameworks */ = {isa = PBXBuildFile; productRef = 5619E5822F2F020000EC7255 /* UI */; };
		5619E5872F2F020000EC7255 /* Services in Frameworks */ = {isa = PBXBuildFile; productRef = 5619E5832F2F020000EC7255 /* Services */; };
		5619E5882F2F020000EC7255 /* Features in Frameworks */ = {isa = PBXBuildFile; productRef = 5619E5842F2F020000EC7255 /* Features */; };
		AA0001012F2F020000EC7255 /* Core in Frameworks */ = {isa = PBXBuildFile; productRef = AA0001022F2F020000EC7255 /* Core */; };
		AA0001032F2F020000EC7255 /* UI in Frameworks */ = {isa = PBXBuildFile; productRef = AA0001042F2F020000EC7255 /* UI */; };
		AA0001052F2F020000EC7255 /* Services in Frameworks */ = {isa = PBXBuildFile; productRef = AA0001062F2F020000EC7255 /* Services */; };
		AA0001072F2F020000EC7255 /* Features in Frameworks */ = {isa = PBXBuildFile; productRef = AA0001082F2F020000EC7255 /* Features */; };
/* End PBXBuildFile section */

/* Begin PBXContainerItemProxy section */
		5619E55F2F2F010D00EC7255 /* PBXContainerItemProxy */ = {
			isa = PBXContainerItemProxy;
			containerPortal = 5619E5492F2F010C00EC7255 /* Project object */;
			proxyType = 1;
			remoteGlobalIDString = 5619E5502F2F010C00EC7255;
			remoteInfo = Drift;
		};
		5619E5692F2F010D00EC7255 /* PBXContainerItemProxy */ = {
			isa = PBXContainerItemProxy;
			containerPortal = 5619E5492F2F010C00EC7255 /* Project object */;
			proxyType = 1;
			remoteGlobalIDString = 5619E5502F2F010C00EC7255;
			remoteInfo = Drift;
		};
/* End PBXContainerItemProxy section */

/* Begin PBXFileReference section */
		5619E5512F2F010C00EC7255 /* Drift.app */ = {isa = PBXFileReference; explicitFileType = wrapper.application; includeInIndex = 0; path = Drift.app; sourceTree = BUILT_PRODUCTS_DIR; };
		5619E55E2F2F010D00EC7255 /* DriftTests.xctest */ = {isa = PBXFileReference; explicitFileType = wrapper.cfbundle; includeInIndex = 0; path = DriftTests.xctest; sourceTree = BUILT_PRODUCTS_DIR; };
		5619E5682F2F010D00EC7255 /* DriftUITests.xctest */ = {isa = PBXFileReference; explicitFileType = wrapper.cfbundle; includeInIndex = 0; path = DriftUITests.xctest; sourceTree = BUILT_PRODUCTS_DIR; };
		5619E5902F2F030000EC7255 /* DriftPackage */ = {isa = PBXFileReference; lastKnownFileType = wrapper; path = DriftPackage; sourceTree = SOURCE_ROOT; };
/* End PBXFileReference section */

/* Begin PBXFileSystemSynchronizedRootGroup section */
		5619E5532F2F010C00EC7255 /* Drift */ = {
			isa = PBXFileSystemSynchronizedRootGroup;
			path = Drift;
			sourceTree = "<group>";
		};
		5619E5612F2F010D00EC7255 /* DriftTests */ = {
			isa = PBXFileSystemSynchronizedRootGroup;
			path = DriftTests;
			sourceTree = "<group>";
		};
		5619E56B2F2F010D00EC7255 /* DriftUITests */ = {
			isa = PBXFileSystemSynchronizedRootGroup;
			path = DriftUITests;
			sourceTree = "<group>";
		};
/* End PBXFileSystemSynchronizedRootGroup section */

/* Begin PBXFrameworksBuildPhase section */
		5619E54E2F2F010C00EC7255 /* Frameworks */ = {
			isa = PBXFrameworksBuildPhase;
			buildActionMask = 2147483647;
			files = (
				5619E5852F2F020000EC7255 /* Core in Frameworks */,
				5619E5862F2F020000EC7255 /* UI in Frameworks */,
				5619E5872F2F020000EC7255 /* Services in Frameworks */,
				5619E5882F2F020000EC7255 /* Features in Frameworks */,
			);
			runOnlyForDeploymentPostprocessing = 0;
		};
		5619E55B2F2F010D00EC7255 /* Frameworks */ = {
			isa = PBXFrameworksBuildPhase;
			buildActionMask = 2147483647;
			files = (
				AA0001012F2F020000EC7255 /* Core in Frameworks */,
				AA0001032F2F020000EC7255 /* UI in Frameworks */,
				AA0001052F2F020000EC7255 /* Services in Frameworks */,
				AA0001072F2F020000EC7255 /* Features in Frameworks */,
			);
			runOnlyForDeploymentPostprocessing = 0;
		};
		5619E5652F2F010D00EC7255 /* Frameworks */ = {
			isa = PBXFrameworksBuildPhase;
			buildActionMask = 2147483647;
			files = (
			);
			runOnlyForDeploymentPostprocessing = 0;
		};
/* End PBXFrameworksBuildPhase section */

/* Begin PBXGroup section */
		5619E5482F2F010C00EC7255 = {
			isa = PBXGroup;
			children = (
				5619E5902F2F030000EC7255 /* DriftPackage */,
				5619E5532F2F010C00EC7255 /* Drift */,
				5619E5612F2F010D00EC7255 /* DriftTests */,
				5619E56B2F2F010D00EC7255 /* DriftUITests */,
				5619E5522F2F010C00EC7255 /* Products */,
			);
			sourceTree = "<group>";
		};
		5619E5522F2F010C00EC7255 /* Products */ = {
			isa = PBXGroup;
			children = (
				5619E5512F2F010C00EC7255 /* Drift.app */,
				5619E55E2F2F010D00EC7255 /* DriftTests.xctest */,
				5619E5682F2F010D00EC7255 /* DriftUITests.xctest */,
			);
			name = Products;
			sourceTree = "<group>";
		};
/* End PBXGroup section */

/* Begin PBXNativeTarget section */
		5619E5502F2F010C00EC7255 /* Drift */ = {
			isa = PBXNativeTarget;
			buildConfigurationList = 5619E5722F2F010D00EC7255 /* Build configuration list for PBXNativeTarget "Drift" */;
			buildPhases = (
				5619E54D2F2F010C00EC7255 /* Sources */,
				5619E54E2F2F010C00EC7255 /* Frameworks */,
				5619E54F2F2F010C00EC7255 /* Resources */,
			);
			buildRules = (
			);
			dependencies = (
			);
			fileSystemSynchronizedGroups = (
				5619E5532F2F010C00EC7255 /* Drift */,
			);
			name = Drift;
			packageProductDependencies = (
				5619E5812F2F020000EC7255 /* Core */,
				5619E5822F2F020000EC7255 /* UI */,
				5619E5832F2F020000EC7255 /* Services */,
				5619E5842F2F020000EC7255 /* Features */,
			);
			productName = Drift;
			productReference = 5619E5512F2F010C00EC7255 /* Drift.app */;
			productType = "com.apple.product-type.application";
		};
		5619E55D2F2F010D00EC7255 /* DriftTests */ = {
			isa = PBXNativeTarget;
			buildConfigurationList = 5619E5752F2F010D00EC7255 /* Build configuration list for PBXNativeTarget "DriftTests" */;
			buildPhases = (
				5619E55A2F2F010D00EC7255 /* Sources */,
				5619E55B2F2F010D00EC7255 /* Frameworks */,
				5619E55C2F2F010D00EC7255 /* Resources */,
			);
			buildRules = (
			);
			dependencies = (
				5619E5602F2F010D00EC7255 /* PBXTargetDependency */,
			);
			fileSystemSynchronizedGroups = (
				5619E5612F2F010D00EC7255 /* DriftTests */,
			);
			name = DriftTests;
			packageProductDependencies = (
				AA0001022F2F020000EC7255 /* Core */,
				AA0001042F2F020000EC7255 /* UI */,
				AA0001062F2F020000EC7255 /* Services */,
				AA0001082F2F020000EC7255 /* Features */,
			);
			productName = DriftTests;
			productReference = 5619E55E2F2F010D00EC7255 /* DriftTests.xctest */;
			productType = "com.apple.product-type.bundle.unit-test";
		};
		5619E5672F2F010D00EC7255 /* DriftUITests */ = {
			isa = PBXNativeTarget;
			buildConfigurationList = 5619E5782F2F010D00EC7255 /* Build configuration list for PBXNativeTarget "DriftUITests" */;
			buildPhases = (
				5619E5642F2F010D00EC7255 /* Sources */,
				5619E5652F2F010D00EC7255 /* Frameworks */,
				5619E5662F2F010D00EC7255 /* Resources */,
			);
			buildRules = (
			);
			dependencies = (
				5619E56A2F2F010D00EC7255 /* PBXTargetDependency */,
			);
			fileSystemSynchronizedGroups = (
				5619E56B2F2F010D00EC7255 /* DriftUITests */,
			);
			name = DriftUITests;
			packageProductDependencies = (
			);
			productName = DriftUITests;
			productReference = 5619E5682F2F010D00EC7255 /* DriftUITests.xctest */;
			productType = "com.apple.product-type.bundle.ui-testing";
		};
/* End PBXNativeTarget section */

/* Begin PBXProject section */
		5619E5492F2F010C00EC7255 /* Project object */ = {
			isa = PBXProject;
			attributes = {
				BuildIndependentTargetsInParallel = 1;
				LastSwiftUpdateCheck = 2620;
				LastUpgradeCheck = 2620;
				TargetAttributes = {
					5619E5502F2F010C00EC7255 = {
						CreatedOnToolsVersion = 26.2;
					};
					5619E55D2F2F010D00EC7255 = {
						CreatedOnToolsVersion = 26.2;
						TestTargetID = 5619E5502F2F010C00EC7255;
					};
					5619E5672F2F010D00EC7255 = {
						CreatedOnToolsVersion = 26.2;
						TestTargetID = 5619E5502F2F010C00EC7255;
					};
				};
			};
			buildConfigurationList = 5619E54C2F2F010C00EC7255 /* Build configuration list for PBXProject "Drift" */;
			developmentRegion = en;
			hasScannedForEncodings = 0;
			knownRegions = (
				en,
				Base,
			);
			mainGroup = 5619E5482F2F010C00EC7255;
			minimizedProjectReferenceProxies = 1;
			packageReferences = (
				5619E5802F2F020000EC7255 /* XCLocalSwiftPackageReference "DriftPackage" */,
			);
			preferredProjectObjectVersion = 77;
			productRefGroup = 5619E5522F2F010C00EC7255 /* Products */;
			projectDirPath = "";
			projectRoot = "";
			targets = (
				5619E5502F2F010C00EC7255 /* Drift */,
				5619E55D2F2F010D00EC7255 /* DriftTests */,
				5619E5672F2F010D00EC7255 /* DriftUITests */,
			);
		};
/* End PBXProject section */

/* Begin PBXResourcesBuildPhase section */
		5619E54F2F2F010C00EC7255 /* Resources */ = {
			isa = PBXResourcesBuildPhase;
			buildActionMask = 2147483647;
			files = (
			);
			runOnlyForDeploymentPostprocessing = 0;
		};
		5619E55C2F2F010D00EC7255 /* Resources */ = {
			isa = PBXResourcesBuildPhase;
			buildActionMask = 2147483647;
			files = (
			);
			runOnlyForDeploymentPostprocessing = 0;
		};
		5619E5662F2F010D00EC7255 /* Resources */ = {
			isa = PBXResourcesBuildPhase;
			buildActionMask = 2147483647;
			files = (
			);
			runOnlyForDeploymentPostprocessing = 0;
		};
/* End PBXResourcesBuildPhase section */

/* Begin PBXSourcesBuildPhase section */
		5619E54D2F2F010C00EC7255 /* Sources */ = {
			isa = PBXSourcesBuildPhase;
			buildActionMask = 2147483647;
			files = (
			);
			runOnlyForDeploymentPostprocessing = 0;
		};
		5619E55A2F2F010D00EC7255 /* Sources */ = {
			isa = PBXSourcesBuildPhase;
			buildActionMask = 2147483647;
			files = (
			);
			runOnlyForDeploymentPostprocessing = 0;
		};
		5619E5642F2F010D00EC7255 /* Sources */ = {
			isa = PBXSourcesBuildPhase;
			buildActionMask = 2147483647;
			files = (
			);
			runOnlyForDeploymentPostprocessing = 0;
		};
/* End PBXSourcesBuildPhase section */

/* Begin PBXTargetDependency section */
		5619E5602F2F010D00EC7255 /* PBXTargetDependency */ = {
			isa = PBXTargetDependency;
			target = 5619E5502F2F010C00EC7255 /* Drift */;
			targetProxy = 5619E55F2F2F010D00EC7255 /* PBXContainerItemProxy */;
		};
		5619E56A2F2F010D00EC7255 /* PBXTargetDependency */ = {
			isa = PBXTargetDependency;
			target = 5619E5502F2F010C00EC7255 /* Drift */;
			targetProxy = 5619E5692F2F010D00EC7255 /* PBXContainerItemProxy */;
		};
/* End PBXTargetDependency section */

/* Begin XCBuildConfiguration section */
		5619E5702F2F010D00EC7255 /* Debug */ = {
			isa = XCBuildConfiguration;
			buildSettings = {
				ALWAYS_SEARCH_USER_PATHS = NO;
				ASSETCATALOG_COMPILER_GENERATE_SWIFT_ASSET_SYMBOL_EXTENSIONS = YES;
				CLANG_ANALYZER_NONNULL = YES;
				CLANG_ANALYZER_NUMBER_OBJECT_CONVERSION = YES_AGGRESSIVE;
				CLANG_CXX_LANGUAGE_STANDARD = "gnu++20";
				CLANG_ENABLE_MODULES = YES;
				CLANG_ENABLE_OBJC_ARC = YES;
				CLANG_ENABLE_OBJC_WEAK = YES;
				CLANG_WARN_BLOCK_CAPTURE_AUTORELEASING = YES;
				CLANG_WARN_BOOL_CONVERSION = YES;
				CLANG_WARN_COMMA = YES;
				CLANG_WARN_CONSTANT_CONVERSION = YES;
				CLANG_WARN_DEPRECATED_OBJC_IMPLEMENTATIONS = YES;
				CLANG_WARN_DIRECT_OBJC_ISA_USAGE = YES_ERROR;
				CLANG_WARN_DOCUMENTATION_COMMENTS = YES;
				CLANG_WARN_EMPTY_BODY = YES;
				CLANG_WARN_ENUM_CONVERSION = YES;
				CLANG_WARN_INFINITE_RECURSION = YES;
				CLANG_WARN_INT_CONVERSION = YES;
				CLANG_WARN_NON_LITERAL_NULL_CONVERSION = YES;
				CLANG_WARN_OBJC_IMPLICIT_RETAIN_SELF = YES;
				CLANG_WARN_OBJC_LITERAL_CONVERSION = YES;
				CLANG_WARN_OBJC_ROOT_CLASS = YES_ERROR;
				CLANG_WARN_QUOTED_INCLUDE_IN_FRAMEWORK_HEADER = YES;
				CLANG_WARN_RANGE_LOOP_ANALYSIS = YES;
				CLANG_WARN_STRICT_PROTOTYPES = YES;
				CLANG_WARN_SUSPICIOUS_MOVE = YES;
				CLANG_WARN_UNGUARDED_AVAILABILITY = YES_AGGRESSIVE;
				CLANG_WARN_UNREACHABLE_CODE = YES;
				CLANG_WARN__DUPLICATE_METHOD_MATCH = YES;
				COPY_PHASE_STRIP = NO;
				DEBUG_INFORMATION_FORMAT = dwarf;
				DEVELOPMENT_TEAM = W42NASVG8H;
				ENABLE_STRICT_OBJC_MSGSEND = YES;
				ENABLE_TESTABILITY = YES;
				ENABLE_USER_SCRIPT_SANDBOXING = YES;
				GCC_C_LANGUAGE_STANDARD = gnu17;
				GCC_DYNAMIC_NO_PIC = NO;
				GCC_NO_COMMON_BLOCKS = YES;
				GCC_OPTIMIZATION_LEVEL = 0;
				GCC_PREPROCESSOR_DEFINITIONS = (
					"DEBUG=1",
					"$(inherited)",
				);
				GCC_WARN_64_TO_32_BIT_CONVERSION = YES;
				GCC_WARN_ABOUT_RETURN_TYPE = YES_ERROR;
				GCC_WARN_UNDECLARED_SELECTOR = YES;
				GCC_WARN_UNINITIALIZED_AUTOS = YES_AGGRESSIVE;
				GCC_WARN_UNUSED_FUNCTION = YES;
				GCC_WARN_UNUSED_VARIABLE = YES;
				LOCALIZATION_PREFERS_STRING_CATALOGS = YES;
				MTL_ENABLE_DEBUG_INFO = INCLUDE_SOURCE;
				MTL_FAST_MATH = YES;
				ONLY_ACTIVE_ARCH = YES;
				SWIFT_ACTIVE_COMPILATION_CONDITIONS = "DEBUG $(inherited)";
				SWIFT_OPTIMIZATION_LEVEL = "-Onone";
			};
			name = Debug;
		};
		5619E5712F2F010D00EC7255 /* Release */ = {
			isa = XCBuildConfiguration;
			buildSettings = {
				ALWAYS_SEARCH_USER_PATHS = NO;
				ASSETCATALOG_COMPILER_GENERATE_SWIFT_ASSET_SYMBOL_EXTENSIONS = YES;
				CLANG_ANALYZER_NONNULL = YES;
				CLANG_ANALYZER_NUMBER_OBJECT_CONVERSION = YES_AGGRESSIVE;
				CLANG_CXX_LANGUAGE_STANDARD = "gnu++20";
				CLANG_ENABLE_MODULES = YES;
				CLANG_ENABLE_OBJC_ARC = YES;
				CLANG_ENABLE_OBJC_WEAK = YES;
				CLANG_WARN_BLOCK_CAPTURE_AUTORELEASING = YES;
				CLANG_WARN_BOOL_CONVERSION = YES;
				CLANG_WARN_COMMA = YES;
				CLANG_WARN_CONSTANT_CONVERSION = YES;
				CLANG_WARN_DEPRECATED_OBJC_IMPLEMENTATIONS = YES;
				CLANG_WARN_DIRECT_OBJC_ISA_USAGE = YES_ERROR;
				CLANG_WARN_DOCUMENTATION_COMMENTS = YES;
				CLANG_WARN_EMPTY_BODY = YES;
				CLANG_WARN_ENUM_CONVERSION = YES;
				CLANG_WARN_INFINITE_RECURSION = YES;
				CLANG_WARN_INT_CONVERSION = YES;
				CLANG_WARN_NON_LITERAL_NULL_CONVERSION = YES;
				CLANG_WARN_OBJC_IMPLICIT_RETAIN_SELF = YES;
				CLANG_WARN_OBJC_LITERAL_CONVERSION = YES;
				CLANG_WARN_OBJC_ROOT_CLASS = YES_ERROR;
				CLANG_WARN_QUOTED_INCLUDE_IN_FRAMEWORK_HEADER = YES;
				CLANG_WARN_RANGE_LOOP_ANALYSIS = YES;
				CLANG_WARN_STRICT_PROTOTYPES = YES;
				CLANG_WARN_SUSPICIOUS_MOVE = YES;
				CLANG_WARN_UNGUARDED_AVAILABILITY = YES_AGGRESSIVE;
				CLANG_WARN_UNREACHABLE_CODE = YES;
				CLANG_WARN__DUPLICATE_METHOD_MATCH = YES;
				COPY_PHASE_STRIP = NO;
				DEBUG_INFORMATION_FORMAT = "dwarf-with-dsym";
				DEVELOPMENT_TEAM = W42NASVG8H;
				ENABLE_NS_ASSERTIONS = NO;
				ENABLE_STRICT_OBJC_MSGSEND = YES;
				ENABLE_USER_SCRIPT_SANDBOXING = YES;
				GCC_C_LANGUAGE_STANDARD = gnu17;
				GCC_NO_COMMON_BLOCKS = YES;
				GCC_WARN_64_TO_32_BIT_CONVERSION = YES;
				GCC_WARN_ABOUT_RETURN_TYPE = YES_ERROR;
				GCC_WARN_UNDECLARED_SELECTOR = YES;
				GCC_WARN_UNINITIALIZED_AUTOS = YES_AGGRESSIVE;
				GCC_WARN_UNUSED_FUNCTION = YES;
				GCC_WARN_UNUSED_VARIABLE = YES;
				LOCALIZATION_PREFERS_STRING_CATALOGS = YES;
				MTL_ENABLE_DEBUG_INFO = NO;
				MTL_FAST_MATH = YES;
				SWIFT_COMPILATION_MODE = wholemodule;
			};
			name = Release;
		};
		5619E5732F2F010D00EC7255 /* Debug */ = {
			isa = XCBuildConfiguration;
			buildSettings = {
				ASSETCATALOG_COMPILER_APPICON_NAME = AppIcon;
				ASSETCATALOG_COMPILER_GLOBAL_ACCENT_COLOR_NAME = AccentColor;
				CODE_SIGN_STYLE = Automatic;
				CURRENT_PROJECT_VERSION = 1;
				DEVELOPMENT_TEAM = W42NASVG8H;
				ENABLE_APP_SANDBOX = YES;
				ENABLE_HARDENED_RUNTIME = YES;
				ENABLE_PREVIEWS = YES;
				ENABLE_USER_SELECTED_FILES = readonly;
				GENERATE_INFOPLIST_FILE = YES;
				INFOPLIST_FILE = SupportingFiles/Info.plist;
				"INFOPLIST_KEY_UIApplicationSceneManifest_Generation[sdk=iphoneos*]" = YES;
				"INFOPLIST_KEY_UIApplicationSceneManifest_Generation[sdk=iphonesimulator*]" = YES;
				"INFOPLIST_KEY_UIApplicationSupportsIndirectInputEvents[sdk=iphoneos*]" = YES;
				"INFOPLIST_KEY_UIApplicationSupportsIndirectInputEvents[sdk=iphonesimulator*]" = YES;
				"INFOPLIST_KEY_UILaunchScreen_Generation[sdk=iphoneos*]" = YES;
				"INFOPLIST_KEY_UILaunchScreen_Generation[sdk=iphonesimulator*]" = YES;
				"INFOPLIST_KEY_UIStatusBarStyle[sdk=iphoneos*]" = UIStatusBarStyleDefault;
				"INFOPLIST_KEY_UIStatusBarStyle[sdk=iphonesimulator*]" = UIStatusBarStyleDefault;
				INFOPLIST_KEY_UISupportedInterfaceOrientations_iPad = "UIInterfaceOrientationPortrait UIInterfaceOrientationPortraitUpsideDown UIInterfaceOrientationLandscapeLeft UIInterfaceOrientationLandscapeRight";
				INFOPLIST_KEY_UISupportedInterfaceOrientations_iPhone = "UIInterfaceOrientationPortrait UIInterfaceOrientationLandscapeLeft UIInterfaceOrientationLandscapeRight";
				IPHONEOS_DEPLOYMENT_TARGET = 26.2;
				LD_RUNPATH_SEARCH_PATHS = "@executable_path/Frameworks";
				"LD_RUNPATH_SEARCH_PATHS[sdk=macosx*]" = "@executable_path/../Frameworks";
				MACOSX_DEPLOYMENT_TARGET = 26.1;
				MARKETING_VERSION = 1.0;
				PRODUCT_BUNDLE_IDENTIFIER = com.solejay.Drift;
				PRODUCT_NAME = "$(TARGET_NAME)";
				REGISTER_APP_GROUPS = YES;
				SDKROOT = auto;
				STRING_CATALOG_GENERATE_SYMBOLS = YES;
				SUPPORTED_PLATFORMS = "iphoneos iphonesimulator macosx xros xrsimulator";
				SWIFT_APPROACHABLE_CONCURRENCY = YES;
				SWIFT_DEFAULT_ACTOR_ISOLATION = MainActor;
				SWIFT_EMIT_LOC_STRINGS = YES;
				SWIFT_UPCOMING_FEATURE_MEMBER_IMPORT_VISIBILITY = YES;
				SWIFT_VERSION = 5.0;
				TARGETED_DEVICE_FAMILY = "1,2,7";
				XROS_DEPLOYMENT_TARGET = 26.2;
			};
			name = Debug;
		};
		5619E5742F2F010D00EC7255 /* Release */ = {
			isa = XCBuildConfiguration;
			buildSettings = {
				ASSETCATALOG_COMPILER_APPICON_NAME = AppIcon;
				ASSETCATALOG_COMPILER_GLOBAL_ACCENT_COLOR_NAME = AccentColor;
				CODE_SIGN_STYLE = Automatic;
				CURRENT_PROJECT_VERSION = 1;
				DEVELOPMENT_TEAM = W42NASVG8H;
				ENABLE_APP_SANDBOX = YES;
				ENABLE_HARDENED_RUNTIME = YES;
				ENABLE_PREVIEWS = YES;
				ENABLE_USER_SELECTED_FILES = readonly;
				GENERATE_INFOPLIST_FILE = YES;
				INFOPLIST_FILE = SupportingFiles/Info.plist;
				"INFOPLIST_KEY_UIApplicationSceneManifest_Generation[sdk=iphoneos*]" = YES;
				"INFOPLIST_KEY_UIApplicationSceneManifest_Generation[sdk=iphonesimulator*]" = YES;
				"INFOPLIST_KEY_UIApplicationSupportsIndirectInputEvents[sdk=iphoneos*]" = YES;
				"INFOPLIST_KEY_UIApplicationSupportsIndirectInputEvents[sdk=iphonesimulator*]" = YES;
				"INFOPLIST_KEY_UILaunchScreen_Generation[sdk=iphoneos*]" = YES;
				"INFOPLIST_KEY_UILaunchScreen_Generation[sdk=iphonesimulator*]" = YES;
				"INFOPLIST_KEY_UIStatusBarStyle[sdk=iphoneos*]" = UIStatusBarStyleDefault;
				"INFOPLIST_KEY_UIStatusBarStyle[sdk=iphonesimulator*]" = UIStatusBarStyleDefault;
				INFOPLIST_KEY_UISupportedInterfaceOrientations_iPad = "UIInterfaceOrientationPortrait UIInterfaceOrientationPortraitUpsideDown UIInterfaceOrientationLandscapeLeft UIInterfaceOrientationLandscapeRight";
				INFOPLIST_KEY_UISupportedInterfaceOrientations_iPhone = "UIInterfaceOrientationPortrait UIInterfaceOrientationLandscapeLeft UIInterfaceOrientationLandscapeRight";
				IPHONEOS_DEPLOYMENT_TARGET = 26.2;
				LD_RUNPATH_SEARCH_PATHS = "@executable_path/Frameworks";
				"LD_RUNPATH_SEARCH_PATHS[sdk=macosx*]" = "@executable_path/../Frameworks";
				MACOSX_DEPLOYMENT_TARGET = 26.1;
				MARKETING_VERSION = 1.0;
				PRODUCT_BUNDLE_IDENTIFIER = com.solejay.Drift;
				PRODUCT_NAME = "$(TARGET_NAME)";
				REGISTER_APP_GROUPS = YES;
				SDKROOT = auto;
				STRING_CATALOG_GENERATE_SYMBOLS = YES;
				SUPPORTED_PLATFORMS = "iphoneos iphonesimulator macosx xros xrsimulator";
				SWIFT_APPROACHABLE_CONCURRENCY = YES;
				SWIFT_DEFAULT_ACTOR_ISOLATION = MainActor;
				SWIFT_EMIT_LOC_STRINGS = YES;
				SWIFT_UPCOMING_FEATURE_MEMBER_IMPORT_VISIBILITY = YES;
				SWIFT_VERSION = 5.0;
				TARGETED_DEVICE_FAMILY = "1,2,7";
				XROS_DEPLOYMENT_TARGET = 26.2;
			};
			name = Release;
		};
		5619E5762F2F010D00EC7255 /* Debug */ = {
			isa = XCBuildConfiguration;
			buildSettings = {
				BUNDLE_LOADER = "$(TEST_HOST)";
				CODE_SIGN_STYLE = Automatic;
				CURRENT_PROJECT_VERSION = 1;
				DEVELOPMENT_TEAM = W42NASVG8H;
				GENERATE_INFOPLIST_FILE = YES;
				IPHONEOS_DEPLOYMENT_TARGET = 26.2;
				MACOSX_DEPLOYMENT_TARGET = 26.1;
				MARKETING_VERSION = 1.0;
				PRODUCT_BUNDLE_IDENTIFIER = com.solejay.DriftTests;
				PRODUCT_NAME = "$(TARGET_NAME)";
				SDKROOT = auto;
				STRING_CATALOG_GENERATE_SYMBOLS = NO;
				SUPPORTED_PLATFORMS = "iphoneos iphonesimulator macosx xros xrsimulator";
				SWIFT_APPROACHABLE_CONCURRENCY = YES;
				SWIFT_EMIT_LOC_STRINGS = NO;
				SWIFT_UPCOMING_FEATURE_MEMBER_IMPORT_VISIBILITY = YES;
				SWIFT_VERSION = 5.0;
				TARGETED_DEVICE_FAMILY = "1,2,7";
				TEST_HOST = "$(BUILT_PRODUCTS_DIR)/Drift.app/$(BUNDLE_EXECUTABLE_FOLDER_PATH)/Drift";
				XROS_DEPLOYMENT_TARGET = 26.2;
			};
			name = Debug;
		};
		5619E5772F2F010D00EC7255 /* Release */ = {
			isa = XCBuildConfiguration;
			buildSettings = {
				BUNDLE_LOADER = "$(TEST_HOST)";
				CODE_SIGN_STYLE = Automatic;
				CURRENT_PROJECT_VERSION = 1;
				DEVELOPMENT_TEAM = W42NASVG8H;
				GENERATE_INFOPLIST_FILE = YES;
				IPHONEOS_DEPLOYMENT_TARGET = 26.2;
				MACOSX_DEPLOYMENT_TARGET = 26.1;
				MARKETING_VERSION = 1.0;
				PRODUCT_BUNDLE_IDENTIFIER = com.solejay.DriftTests;
				PRODUCT_NAME = "$(TARGET_NAME)";
				SDKROOT = auto;
				STRING_CATALOG_GENERATE_SYMBOLS = NO;
				SUPPORTED_PLATFORMS = "iphoneos iphonesimulator macosx xros xrsimulator";
				SWIFT_APPROACHABLE_CONCURRENCY = YES;
				SWIFT_EMIT_LOC_STRINGS = NO;
				SWIFT_UPCOMING_FEATURE_MEMBER_IMPORT_VISIBILITY = YES;
				SWIFT_VERSION = 5.0;
				TARGETED_DEVICE_FAMILY = "1,2,7";
				TEST_HOST = "$(BUILT_PRODUCTS_DIR)/Drift.app/$(BUNDLE_EXECUTABLE_FOLDER_PATH)/Drift";
				XROS_DEPLOYMENT_TARGET = 26.2;
			};
			name = Release;
		};
		5619E5792F2F010D00EC7255 /* Debug */ = {
			isa = XCBuildConfiguration;
			buildSettings = {
				CODE_SIGN_STYLE = Automatic;
				CURRENT_PROJECT_VERSION = 1;
				DEVELOPMENT_TEAM = W42NASVG8H;
				GENERATE_INFOPLIST_FILE = YES;
				IPHONEOS_DEPLOYMENT_TARGET = 26.2;
				MACOSX_DEPLOYMENT_TARGET = 26.1;
				MARKETING_VERSION = 1.0;
				PRODUCT_BUNDLE_IDENTIFIER = com.solejay.DriftUITests;
				PRODUCT_NAME = "$(TARGET_NAME)";
				SDKROOT = auto;
				STRING_CATALOG_GENERATE_SYMBOLS = NO;
				SUPPORTED_PLATFORMS = "iphoneos iphonesimulator macosx xros xrsimulator";
				SWIFT_APPROACHABLE_CONCURRENCY = YES;
				SWIFT_EMIT_LOC_STRINGS = NO;
				SWIFT_UPCOMING_FEATURE_MEMBER_IMPORT_VISIBILITY = YES;
				SWIFT_VERSION = 5.0;
				TARGETED_DEVICE_FAMILY = "1,2,7";
				TEST_TARGET_NAME = Drift;
				XROS_DEPLOYMENT_TARGET = 26.2;
			};
			name = Debug;
		};
		5619E57A2F2F010D00EC7255 /* Release */ = {
			isa = XCBuildConfiguration;
			buildSettings = {
				CODE_SIGN_STYLE = Automatic;
				CURRENT_PROJECT_VERSION = 1;
				DEVELOPMENT_TEAM = W42NASVG8H;
				GENERATE_INFOPLIST_FILE = YES;
				IPHONEOS_DEPLOYMENT_TARGET = 26.2;
				MACOSX_DEPLOYMENT_TARGET = 26.1;
				MARKETING_VERSION = 1.0;
				PRODUCT_BUNDLE_IDENTIFIER = com.solejay.DriftUITests;
				PRODUCT_NAME = "$(TARGET_NAME)";
				SDKROOT = auto;
				STRING_CATALOG_GENERATE_SYMBOLS = NO;
				SUPPORTED_PLATFORMS = "iphoneos iphonesimulator macosx xros xrsimulator";
				SWIFT_APPROACHABLE_CONCURRENCY = YES;
				SWIFT_EMIT_LOC_STRINGS = NO;
				SWIFT_UPCOMING_FEATURE_MEMBER_IMPORT_VISIBILITY = YES;
				SWIFT_VERSION = 5.0;
				TARGETED_DEVICE_FAMILY = "1,2,7";
				TEST_TARGET_NAME = Drift;
				XROS_DEPLOYMENT_TARGET = 26.2;
			};
			name = Release;
		};
/* End XCBuildConfiguration section */

/* Begin XCConfigurationList section */
		5619E54C2F2F010C00EC7255 /* Build configuration list for PBXProject "Drift" */ = {
			isa = XCConfigurationList;
			buildConfigurations = (
				5619E5702F2F010D00EC7255 /* Debug */,
				5619E5712F2F010D00EC7255 /* Release */,
			);
			defaultConfigurationIsVisible = 0;
			defaultConfigurationName = Release;
		};
		5619E5722F2F010D00EC7255 /* Build configuration list for PBXNativeTarget "Drift" */ = {
			isa = XCConfigurationList;
			buildConfigurations = (
				5619E5732F2F010D00EC7255 /* Debug */,
				5619E5742F2F010D00EC7255 /* Release */,
			);
			defaultConfigurationIsVisible = 0;
			defaultConfigurationName = Release;
		};
		5619E5752F2F010D00EC7255 /* Build configuration list for PBXNativeTarget "DriftTests" */ = {
			isa = XCConfigurationList;
			buildConfigurations = (
				5619E5762F2F010D00EC7255 /* Debug */,
				5619E5772F2F010D00EC7255 /* Release */,
			);
			defaultConfigurationIsVisible = 0;
			defaultConfigurationName = Release;
		};
		5619E5782F2F010D00EC7255 /* Build configuration list for PBXNativeTarget "DriftUITests" */ = {
			isa = XCConfigurationList;
			buildConfigurations = (
				5619E5792F2F010D00EC7255 /* Debug */,
				5619E57A2F2F010D00EC7255 /* Release */,
			);
			defaultConfigurationIsVisible = 0;
			defaultConfigurationName = Release;
		};
/* End XCConfigurationList section */

/* Begin XCLocalSwiftPackageReference section */
		5619E5802F2F020000EC7255 /* XCLocalSwiftPackageReference "DriftPackage" */ = {
			isa = XCLocalSwiftPackageReference;
			relativePath = DriftPackage;
		};
/* End XCLocalSwiftPackageReference section */

/* Begin XCSwiftPackageProductDependency section */
		5619E5812F2F020000EC7255 /* Core */ = {
			isa = XCSwiftPackageProductDependency;
			productName = Core;
		};
		5619E5822F2F020000EC7255 /* UI */ = {
			isa = XCSwiftPackageProductDependency;
			productName = UI;
		};
		5619E5832F2F020000EC7255 /* Services */ = {
			isa = XCSwiftPackageProductDependency;
			productName = Services;
		};
		5619E5842F2F020000EC7255 /* Features */ = {
			isa = XCSwiftPackageProductDependency;
			productName = Features;
		};
		AA0001022F2F020000EC7255 /* Core */ = {
			isa = XCSwiftPackageProductDependency;
			productName = Core;
		};
		AA0001042F2F020000EC7255 /* UI */ = {
			isa = XCSwiftPackageProductDependency;
			productName = UI;
		};
		AA0001062F2F020000EC7255 /* Services */ = {
			isa = XCSwiftPackageProductDependency;
			productName = Services;
		};
		AA0001082F2F020000EC7255 /* Features */ = {
			isa = XCSwiftPackageProductDependency;
			productName = Features;
		};
/* End XCSwiftPackageProductDependency section */
	};
	rootObject = 5619E5492F2F010C00EC7255 /* Project object */;
}
